
Microsoft Visual Studio Solution File, Format Version 12.00
# Visual Studio Version 16
VisualStudioVersion = 16.0.32602.290
MinimumVisualStudioVersion = 10.0.40219.1
Project("{FAE04EC0-301F-11D3-BF4B-00C04F79EFBC}") = "Tema3-VisorImagenes", "Tema3-VisorImagenes.csproj", "{77CA741F-CF83-4BC2-B3E6-FCC9E6629E79}"
EndProject
Global
	GlobalSection(SolutionConfigurationPlatforms) = preSolution
		Debug|Any CPU = Debug|Any CPU
		Release|Any CPU = Release|Any CPU
	EndGlobalSection
	GlobalSection(ProjectConfigurationPlatforms) = postSolution
		{77CA741F-CF83-4BC2-B3E6-FCC9E6629E79}.Debug|Any CPU.ActiveCfg = Debug|Any CPU
		{77CA741F-CF83-4BC2-B3E6-FCC9E6629E79}.Debug|Any CPU.Build.0 = Debug|Any CPU
		{77CA741F-CF83-4BC2-B3E6-FCC9E6629E79}.Release|Any CPU.ActiveCfg = Release|Any CPU
		{77CA741F-CF83-4BC2-B3E6-FCC9E6629E79}.Release|Any CPU.Build.0 = Release|Any CPU
	EndGlobalSection
	GlobalSection(SolutionProperties) = preSolution
		HideSolutionNode = FALSE
	EndGlobalSection
	GlobalSection(ExtensibilityGlobals) = postSolution
		SolutionGuid = {E0F52FE2-B4D3-4BF3-9294-EADC6BFE036A}
	EndGlobalSection
EndGlobal
